
Microsoft Visual Studio Solution File, Format Version 12.00
# Visual Studio 15
Project("{FAE04EC0-301F-11D3-BF4B-00C04F79EFBC}") = "QFramework中文", "QFramework中文.csproj", "{646908C2-3449-045C-5558-1495F5C925F7}"
EndProject
Global
	GlobalSection(SolutionConfigurationPlatforms) = preSolution
		Debug|Any CPU = Debug|Any CPU
		Release|Any CPU = Release|Any CPU
	EndGlobalSection
	GlobalSection(ProjectConfigurationPlatforms) = postSolution
		{646908C2-3449-045C-5558-1495F5C925F7}.Debug|Any CPU.ActiveCfg = Debug|Any CPU
		{646908C2-3449-045C-5558-1495F5C925F7}.Debug|Any CPU.Build.0 = Debug|Any CPU
		{646908C2-3449-045C-5558-1495F5C925F7}.Release|Any CPU.ActiveCfg = Release|Any CPU
		{646908C2-3449-045C-5558-1495F5C925F7}.Release|Any CPU.Build.0 = Release|Any CPU
	EndGlobalSection
	GlobalSection(SolutionProperties) = preSolution
		HideSolutionNode = FALSE
	EndGlobalSection
EndGlobal
